
Microsoft Visual Studio Solution File, Format Version 12.00
# Visual Studio 14
VisualStudioVersion = 14.0.25420.1
MinimumVisualStudioVersion = 10.0.40219.1
Project("{FAE04EC0-301F-11D3-BF4B-00C04F79EFBC}") = "控制台程序测试", "控制台程序测试\控制台程序测试.csproj", "{DE371019-1C82-4908-B2E8-33F127BA9B60}"
EndProject
Project("{FAE04EC0-301F-11D3-BF4B-00C04F79EFBC}") = "测试网络文件是否存在", "测试网络文件是否存在\测试网络文件是否存在.csproj", "{5E43463C-33F4-48E0-AC39-1C417E3C8996}"
EndProject
Project("{FAE04EC0-301F-11D3-BF4B-00C04F79EFBC}") = "测试本地文件是否存在", "测试本地文件是否存在\测试本地文件是否存在.csproj", "{C6FD89C0-F2FE-468A-9C07-749E83DFED55}"
EndProject
Project("{FAE04EC0-301F-11D3-BF4B-00C04F79EFBC}") = "判断bool值", "判断bool值\判断bool值.csproj", "{A16E70B4-1401-4CF6-B252-6FBBD21D9662}"
EndProject
Project("{FAE04EC0-301F-11D3-BF4B-00C04F79EFBC}") = "敏感词过滤", "敏感词过滤\敏感词过滤.csproj", "{3FD0A8EB-DDB6-44B4-9189-1501394F5C84}"
EndProject
Project("{FAE04EC0-301F-11D3-BF4B-00C04F79EFBC}") = "异常处理", "异常处理\异常处理.csproj", "{631F312B-CCD9-4DAF-8542-64F56F6BEBD8}"
EndProject
Project("{FAE04EC0-301F-11D3-BF4B-00C04F79EFBC}") = "正则表达式匹配字符串是否可空验证", "正则表达式匹配字符串是否可空验证\正则表达式匹配字符串是否可空验证.csproj", "{B8186D7D-AEA9-4C46-8C2F-9F838A744771}"
EndProject
Project("{FAE04EC0-301F-11D3-BF4B-00C04F79EFBC}") = "TestService", "TestService\TestService.csproj", "{394D66D7-CF96-45C1-B54D-1168A20764D3}"
EndProject
Project("{FAE04EC0-301F-11D3-BF4B-00C04F79EFBC}") = "自定义泛型1", "自定义泛型1\自定义泛型1.csproj", "{4E81349C-393D-4446-87EB-1BA20E85502C}"
EndProject
Project("{FAE04EC0-301F-11D3-BF4B-00C04F79EFBC}") = "动态强类型视图示例", "动态强类型视图示例\动态强类型视图示例.csproj", "{A2869139-F21D-43CD-99F8-1181A45AD025}"
EndProject
Project("{FAE04EC0-301F-11D3-BF4B-00C04F79EFBC}") = "字典排序", "字典排序\字典排序.csproj", "{E20F32C7-A8E1-488C-BBBF-020205728006}"
EndProject
Project("{FAE04EC0-301F-11D3-BF4B-00C04F79EFBC}") = "可空类型", "可空类型\可空类型.csproj", "{3B6C3C8E-5ADB-4450-9745-2278614D7692}"
EndProject
Project("{FAE04EC0-301F-11D3-BF4B-00C04F79EFBC}") = "抽奖程序", "抽奖程序\抽奖程序.csproj", "{678C16A2-6B22-43E8-AA21-287C5A029ADB}"
EndProject
Project("{FAE04EC0-301F-11D3-BF4B-00C04F79EFBC}") = "序列化字符串是否包含某字符串", "序列化字符串是否包含某字符串\序列化字符串是否包含某字符串.csproj", "{729753A2-06B2-4850-BF46-F3E5A9D6D6C5}"
EndProject
Project("{FAE04EC0-301F-11D3-BF4B-00C04F79EFBC}") = "判断XML中是否存在某个节点", "判断XML中是否存在某个节点\判断XML中是否存在某个节点.csproj", "{0CEA3776-0CD8-44C2-8CFC-09A96D7DCBE0}"
EndProject
Project("{FAE04EC0-301F-11D3-BF4B-00C04F79EFBC}") = "时间字符串转DateTime", "时间字符串转DateTime\时间字符串转DateTime.csproj", "{3BF8A77B-FA4B-4914-BC90-88CB217F47A9}"
EndProject
Global
	GlobalSection(SolutionConfigurationPlatforms) = preSolution
		Debug|Any CPU = Debug|Any CPU
		Release|Any CPU = Release|Any CPU
	EndGlobalSection
	GlobalSection(ProjectConfigurationPlatforms) = postSolution
		{DE371019-1C82-4908-B2E8-33F127BA9B60}.Debug|Any CPU.ActiveCfg = Debug|Any CPU
		{DE371019-1C82-4908-B2E8-33F127BA9B60}.Debug|Any CPU.Build.0 = Debug|Any CPU
		{DE371019-1C82-4908-B2E8-33F127BA9B60}.Release|Any CPU.ActiveCfg = Release|Any CPU
		{DE371019-1C82-4908-B2E8-33F127BA9B60}.Release|Any CPU.Build.0 = Release|Any CPU
		{5E43463C-33F4-48E0-AC39-1C417E3C8996}.Debug|Any CPU.ActiveCfg = Debug|Any CPU
		{5E43463C-33F4-48E0-AC39-1C417E3C8996}.Debug|Any CPU.Build.0 = Debug|Any CPU
		{5E43463C-33F4-48E0-AC39-1C417E3C8996}.Release|Any CPU.ActiveCfg = Release|Any CPU
		{5E43463C-33F4-48E0-AC39-1C417E3C8996}.Release|Any CPU.Build.0 = Release|Any CPU
		{C6FD89C0-F2FE-468A-9C07-749E83DFED55}.Debug|Any CPU.ActiveCfg = Debug|Any CPU
		{C6FD89C0-F2FE-468A-9C07-749E83DFED55}.Debug|Any CPU.Build.0 = Debug|Any CPU
		{C6FD89C0-F2FE-468A-9C07-749E83DFED55}.Release|Any CPU.ActiveCfg = Release|Any CPU
		{C6FD89C0-F2FE-468A-9C07-749E83DFED55}.Release|Any CPU.Build.0 = Release|Any CPU
		{A16E70B4-1401-4CF6-B252-6FBBD21D9662}.Debug|Any CPU.ActiveCfg = Debug|Any CPU
		{A16E70B4-1401-4CF6-B252-6FBBD21D9662}.Debug|Any CPU.Build.0 = Debug|Any CPU
		{A16E70B4-1401-4CF6-B252-6FBBD21D9662}.Release|Any CPU.ActiveCfg = Release|Any CPU
		{A16E70B4-1401-4CF6-B252-6FBBD21D9662}.Release|Any CPU.Build.0 = Release|Any CPU
		{3FD0A8EB-DDB6-44B4-9189-1501394F5C84}.Debug|Any CPU.ActiveCfg = Debug|Any CPU
		{3FD0A8EB-DDB6-44B4-9189-1501394F5C84}.Debug|Any CPU.Build.0 = Debug|Any CPU
		{3FD0A8EB-DDB6-44B4-9189-1501394F5C84}.Release|Any CPU.ActiveCfg = Release|Any CPU
		{3FD0A8EB-DDB6-44B4-9189-1501394F5C84}.Release|Any CPU.Build.0 = Release|Any CPU
		{631F312B-CCD9-4DAF-8542-64F56F6BEBD8}.Debug|Any CPU.ActiveCfg = Debug|Any CPU
		{631F312B-CCD9-4DAF-8542-64F56F6BEBD8}.Debug|Any CPU.Build.0 = Debug|Any CPU
		{631F312B-CCD9-4DAF-8542-64F56F6BEBD8}.Release|Any CPU.ActiveCfg = Release|Any CPU
		{631F312B-CCD9-4DAF-8542-64F56F6BEBD8}.Release|Any CPU.Build.0 = Release|Any CPU
		{B8186D7D-AEA9-4C46-8C2F-9F838A744771}.Debug|Any CPU.ActiveCfg = Debug|Any CPU
		{B8186D7D-AEA9-4C46-8C2F-9F838A744771}.Debug|Any CPU.Build.0 = Debug|Any CPU
		{B8186D7D-AEA9-4C46-8C2F-9F838A744771}.Release|Any CPU.ActiveCfg = Release|Any CPU
		{B8186D7D-AEA9-4C46-8C2F-9F838A744771}.Release|Any CPU.Build.0 = Release|Any CPU
		{394D66D7-CF96-45C1-B54D-1168A20764D3}.Debug|Any CPU.ActiveCfg = Debug|Any CPU
		{394D66D7-CF96-45C1-B54D-1168A20764D3}.Debug|Any CPU.Build.0 = Debug|Any CPU
		{394D66D7-CF96-45C1-B54D-1168A20764D3}.Release|Any CPU.ActiveCfg = Release|Any CPU
		{394D66D7-CF96-45C1-B54D-1168A20764D3}.Release|Any CPU.Build.0 = Release|Any CPU
		{4E81349C-393D-4446-87EB-1BA20E85502C}.Debug|Any CPU.ActiveCfg = Debug|Any CPU
		{4E81349C-393D-4446-87EB-1BA20E85502C}.Debug|Any CPU.Build.0 = Debug|Any CPU
		{4E81349C-393D-4446-87EB-1BA20E85502C}.Release|Any CPU.ActiveCfg = Release|Any CPU
		{4E81349C-393D-4446-87EB-1BA20E85502C}.Release|Any CPU.Build.0 = Release|Any CPU
		{A2869139-F21D-43CD-99F8-1181A45AD025}.Debug|Any CPU.ActiveCfg = Debug|Any CPU
		{A2869139-F21D-43CD-99F8-1181A45AD025}.Debug|Any CPU.Build.0 = Debug|Any CPU
		{A2869139-F21D-43CD-99F8-1181A45AD025}.Release|Any CPU.ActiveCfg = Release|Any CPU
		{A2869139-F21D-43CD-99F8-1181A45AD025}.Release|Any CPU.Build.0 = Release|Any CPU
		{E20F32C7-A8E1-488C-BBBF-020205728006}.Debug|Any CPU.ActiveCfg = Debug|Any CPU
		{E20F32C7-A8E1-488C-BBBF-020205728006}.Debug|Any CPU.Build.0 = Debug|Any CPU
		{E20F32C7-A8E1-488C-BBBF-020205728006}.Release|Any CPU.ActiveCfg = Release|Any CPU
		{E20F32C7-A8E1-488C-BBBF-020205728006}.Release|Any CPU.Build.0 = Release|Any CPU
		{3B6C3C8E-5ADB-4450-9745-2278614D7692}.Debug|Any CPU.ActiveCfg = Debug|Any CPU
		{3B6C3C8E-5ADB-4450-9745-2278614D7692}.Debug|Any CPU.Build.0 = Debug|Any CPU
		{3B6C3C8E-5ADB-4450-9745-2278614D7692}.Release|Any CPU.ActiveCfg = Release|Any CPU
		{3B6C3C8E-5ADB-4450-9745-2278614D7692}.Release|Any CPU.Build.0 = Release|Any CPU
		{678C16A2-6B22-43E8-AA21-287C5A029ADB}.Debug|Any CPU.ActiveCfg = Debug|Any CPU
		{678C16A2-6B22-43E8-AA21-287C5A029ADB}.Debug|Any CPU.Build.0 = Debug|Any CPU
		{678C16A2-6B22-43E8-AA21-287C5A029ADB}.Release|Any CPU.ActiveCfg = Release|Any CPU
		{678C16A2-6B22-43E8-AA21-287C5A029ADB}.Release|Any CPU.Build.0 = Release|Any CPU
		{729753A2-06B2-4850-BF46-F3E5A9D6D6C5}.Debug|Any CPU.ActiveCfg = Debug|Any CPU
		{729753A2-06B2-4850-BF46-F3E5A9D6D6C5}.Debug|Any CPU.Build.0 = Debug|Any CPU
		{729753A2-06B2-4850-BF46-F3E5A9D6D6C5}.Release|Any CPU.ActiveCfg = Release|Any CPU
		{729753A2-06B2-4850-BF46-F3E5A9D6D6C5}.Release|Any CPU.Build.0 = Release|Any CPU
		{0CEA3776-0CD8-44C2-8CFC-09A96D7DCBE0}.Debug|Any CPU.ActiveCfg = Debug|Any CPU
		{0CEA3776-0CD8-44C2-8CFC-09A96D7DCBE0}.Debug|Any CPU.Build.0 = Debug|Any CPU
		{0CEA3776-0CD8-44C2-8CFC-09A96D7DCBE0}.Release|Any CPU.ActiveCfg = Release|Any CPU
		{0CEA3776-0CD8-44C2-8CFC-09A96D7DCBE0}.Release|Any CPU.Build.0 = Release|Any CPU
		{3BF8A77B-FA4B-4914-BC90-88CB217F47A9}.Debug|Any CPU.ActiveCfg = Debug|Any CPU
		{3BF8A77B-FA4B-4914-BC90-88CB217F47A9}.Debug|Any CPU.Build.0 = Debug|Any CPU
		{3BF8A77B-FA4B-4914-BC90-88CB217F47A9}.Release|Any CPU.ActiveCfg = Release|Any CPU
		{3BF8A77B-FA4B-4914-BC90-88CB217F47A9}.Release|Any CPU.Build.0 = Release|Any CPU
	EndGlobalSection
	GlobalSection(SolutionProperties) = preSolution
		HideSolutionNode = FALSE
	EndGlobalSection
EndGlobal
